# THIS IS AN AUTOGENERATED FILE. DO NOT EDIT THIS FILE DIRECTLY.
# yarn lockfile v1


"@zxing/library@^0.18.3":
  version "0.18.3"
  resolved "https://registry.yarnpkg.com/@zxing/library/-/library-0.18.3.tgz#50f20703cf3b7d357bd8801b23f27f24aa1f5e4d"
  integrity sha512-7ny4JjUu2UfIiuyjewxeRZViXJ8GsSOoNZ+o6o0AdPvUQlaISdsGnIUVGDviJerEYeT1MKhaL7jUtjdYs3KO/Q==
  dependencies:
    ts-custom-error "^3.0.0"
  optionalDependencies:
    "@zxing/text-encoding" "~0.9.0"

"@zxing/text-encoding@~0.9.0":
  version "0.9.0"
  resolved "https://registry.yarnpkg.com/@zxing/text-encoding/-/text-encoding-0.9.0.tgz#fb50ffabc6c7c66a0c96b4c03e3d9be74864b70b"
  integrity sha512-U/4aVJ2mxI0aDNI8Uq0wEhMgY+u4CNtEb0om3+y3+niDAsoTCOB33UF0sxpzqzdqXLqmvc+vZyAt4O8pPdfkwA==

ts-custom-error@^3.0.0:
  version "3.2.0"
  resolved "https://registry.yarnpkg.com/ts-custom-error/-/ts-custom-error-3.2.0.tgz#ff8f80a3812bab9dc448536312da52dce1b720fb"
  integrity sha512-cBvC2QjtvJ9JfWLvstVnI45Y46Y5dMxIaG1TDMGAD/R87hpvqFL+7LhvUDhnRCfOnx/xitollFWWvUKKKhbN0A==
